
Microsoft Visual Studio Solution File, Format Version 12.00
# Visual Studio Version 16
VisualStudioVersion = 16.0.30523.141
MinimumVisualStudioVersion = 10.0.40219.1
Project("{FAE04EC0-301F-11D3-BF4B-00C04F79EFBC}") = "Bowyer.EntityFrameworkCore", "Bowyer.EntityFrameworkCore.csproj", "{606A29FD-A7F2-4255-90F9-7711C122E9D8}"
EndProject
Global
	GlobalSection(SolutionConfigurationPlatforms) = preSolution
		Debug|Any CPU = Debug|Any CPU
		Release|Any CPU = Release|Any CPU
	EndGlobalSection
	GlobalSection(ProjectConfigurationPlatforms) = postSolution
		{606A29FD-A7F2-4255-90F9-7711C122E9D8}.Debug|Any CPU.ActiveCfg = Debug|Any CPU
		{606A29FD-A7F2-4255-90F9-7711C122E9D8}.Debug|Any CPU.Build.0 = Debug|Any CPU
		{606A29FD-A7F2-4255-90F9-7711C122E9D8}.Release|Any CPU.ActiveCfg = Release|Any CPU
		{606A29FD-A7F2-4255-90F9-7711C122E9D8}.Release|Any CPU.Build.0 = Release|Any CPU
	EndGlobalSection
	GlobalSection(SolutionProperties) = preSolution
		HideSolutionNode = FALSE
	EndGlobalSection
	GlobalSection(ExtensibilityGlobals) = postSolution
		SolutionGuid = {EAFC73C3-A598-4628-85A4-F3AFA01D2E9B}
	EndGlobalSection
EndGlobal
